
Microsoft Visual Studio Solution File, Format Version 12.00
# Visual Studio Version 17
VisualStudioVersion = 17.0.31903.59
MinimumVisualStudioVersion = 10.0.40219.1
Project("{2150E333-8FDC-42A3-9474-1A3956D46DE8}") = "src", "src", "{827E0CD3-B72D-47B6-A68D-7590B98EB39B}"
EndProject
Project("{FAE04EC0-301F-11D3-BF4B-00C04F79EFBC}") = "LankaStay.Domain", "src\LankaStay.Domain\LankaStay.Domain.csproj", "{11A95E15-14D6-4814-A2B3-A7D8698C8C72}"
EndProject
Project("{FAE04EC0-301F-11D3-BF4B-00C04F79EFBC}") = "LankaStay.Application", "src\LankaStay.Application\LankaStay.Application.csproj", "{486B7493-9D6A-45BD-B3E1-AF87ED860401}"
EndProject
Project("{FAE04EC0-301F-11D3-BF4B-00C04F79EFBC}") = "LankaStay.Infrastructure", "src\LankaStay.Infrastructure\LankaStay.Infrastructure.csproj", "{0D312798-6D40-485E-B8F8-5FA0C82DF05B}"
EndProject
Project("{FAE04EC0-301F-11D3-BF4B-00C04F79EFBC}") = "LankaStay.API", "src\LankaStay.API\LankaStay.API.csproj", "{3554ED2F-63E0-4E78-A222-249E98F2521C}"
EndProject
Global
	GlobalSection(SolutionConfigurationPlatforms) = preSolution
		Debug|Any CPU = Debug|Any CPU
		Debug|x64 = Debug|x64
		Debug|x86 = Debug|x86
		Release|Any CPU = Release|Any CPU
		Release|x64 = Release|x64
		Release|x86 = Release|x86
	EndGlobalSection
	GlobalSection(ProjectConfigurationPlatforms) = postSolution
		{11A95E15-14D6-4814-A2B3-A7D8698C8C72}.Debug|Any CPU.ActiveCfg = Debug|Any CPU
		{11A95E15-14D6-4814-A2B3-A7D8698C8C72}.Debug|Any CPU.Build.0 = Debug|Any CPU
		{11A95E15-14D6-4814-A2B3-A7D8698C8C72}.Debug|x64.ActiveCfg = Debug|Any CPU
		{11A95E15-14D6-4814-A2B3-A7D8698C8C72}.Debug|x64.Build.0 = Debug|Any CPU
		{11A95E15-14D6-4814-A2B3-A7D8698C8C72}.Debug|x86.ActiveCfg = Debug|Any CPU
		{11A95E15-14D6-4814-A2B3-A7D8698C8C72}.Debug|x86.Build.0 = Debug|Any CPU
		{11A95E15-14D6-4814-A2B3-A7D8698C8C72}.Release|Any CPU.ActiveCfg = Release|Any CPU
		{11A95E15-14D6-4814-A2B3-A7D8698C8C72}.Release|Any CPU.Build.0 = Release|Any CPU
		{11A95E15-14D6-4814-A2B3-A7D8698C8C72}.Release|x64.ActiveCfg = Release|Any CPU
		{11A95E15-14D6-4814-A2B3-A7D8698C8C72}.Release|x64.Build.0 = Release|Any CPU
		{11A95E15-14D6-4814-A2B3-A7D8698C8C72}.Release|x86.ActiveCfg = Release|Any CPU
		{11A95E15-14D6-4814-A2B3-A7D8698C8C72}.Release|x86.Build.0 = Release|Any CPU
		{486B7493-9D6A-45BD-B3E1-AF87ED860401}.Debug|Any CPU.ActiveCfg = Debug|Any CPU
		{486B7493-9D6A-45BD-B3E1-AF87ED860401}.Debug|Any CPU.Build.0 = Debug|Any CPU
		{486B7493-9D6A-45BD-B3E1-AF87ED860401}.Debug|x64.ActiveCfg = Debug|Any CPU
		{486B7493-9D6A-45BD-B3E1-AF87ED860401}.Debug|x64.Build.0 = Debug|Any CPU
		{486B7493-9D6A-45BD-B3E1-AF87ED860401}.Debug|x86.ActiveCfg = Debug|Any CPU
		{486B7493-9D6A-45BD-B3E1-AF87ED860401}.Debug|x86.Build.0 = Debug|Any CPU
		{486B7493-9D6A-45BD-B3E1-AF87ED860401}.Release|Any CPU.ActiveCfg = Release|Any CPU
		{486B7493-9D6A-45BD-B3E1-AF87ED860401}.Release|Any CPU.Build.0 = Release|Any CPU
		{486B7493-9D6A-45BD-B3E1-AF87ED860401}.Release|x64.ActiveCfg = Release|Any CPU
		{486B7493-9D6A-45BD-B3E1-AF87ED860401}.Release|x64.Build.0 = Release|Any CPU
		{486B7493-9D6A-45BD-B3E1-AF87ED860401}.Release|x86.ActiveCfg = Release|Any CPU
		{486B7493-9D6A-45BD-B3E1-AF87ED860401}.Release|x86.Build.0 = Release|Any CPU
		{0D312798-6D40-485E-B8F8-5FA0C82DF05B}.Debug|Any CPU.ActiveCfg = Debug|Any CPU
		{0D312798-6D40-485E-B8F8-5FA0C82DF05B}.Debug|Any CPU.Build.0 = Debug|Any CPU
		{0D312798-6D40-485E-B8F8-5FA0C82DF05B}.Debug|x64.ActiveCfg = Debug|Any CPU
		{0D312798-6D40-485E-B8F8-5FA0C82DF05B}.Debug|x64.Build.0 = Debug|Any CPU
		{0D312798-6D40-485E-B8F8-5FA0C82DF05B}.Debug|x86.ActiveCfg = Debug|Any CPU
		{0D312798-6D40-485E-B8F8-5FA0C82DF05B}.Debug|x86.Build.0 = Debug|Any CPU
		{0D312798-6D40-485E-B8F8-5FA0C82DF05B}.Release|Any CPU.ActiveCfg = Release|Any CPU
		{0D312798-6D40-485E-B8F8-5FA0C82DF05B}.Release|Any CPU.Build.0 = Release|Any CPU
		{0D312798-6D40-485E-B8F8-5FA0C82DF05B}.Release|x64.ActiveCfg = Release|Any CPU
		{0D312798-6D40-485E-B8F8-5FA0C82DF05B}.Release|x64.Build.0 = Release|Any CPU
		{0D312798-6D40-485E-B8F8-5FA0C82DF05B}.Release|x86.ActiveCfg = Release|Any CPU
		{0D312798-6D40-485E-B8F8-5FA0C82DF05B}.Release|x86.Build.0 = Release|Any CPU
		{3554ED2F-63E0-4E78-A222-249E98F2521C}.Debug|Any CPU.ActiveCfg = Debug|Any CPU
		{3554ED2F-63E0-4E78-A222-249E98F2521C}.Debug|Any CPU.Build.0 = Debug|Any CPU
		{3554ED2F-63E0-4E78-A222-249E98F2521C}.Debug|x64.ActiveCfg = Debug|Any CPU
		{3554ED2F-63E0-4E78-A222-249E98F2521C}.Debug|x64.Build.0 = Debug|Any CPU
		{3554ED2F-63E0-4E78-A222-249E98F2521C}.Debug|x86.ActiveCfg = Debug|Any CPU
		{3554ED2F-63E0-4E78-A222-249E98F2521C}.Debug|x86.Build.0 = Debug|Any CPU
		{3554ED2F-63E0-4E78-A222-249E98F2521C}.Release|Any CPU.ActiveCfg = Release|Any CPU
		{3554ED2F-63E0-4E78-A222-249E98F2521C}.Release|Any CPU.Build.0 = Release|Any CPU
		{3554ED2F-63E0-4E78-A222-249E98F2521C}.Release|x64.ActiveCfg = Release|Any CPU
		{3554ED2F-63E0-4E78-A222-249E98F2521C}.Release|x64.Build.0 = Release|Any CPU
		{3554ED2F-63E0-4E78-A222-249E98F2521C}.Release|x86.ActiveCfg = Release|Any CPU
		{3554ED2F-63E0-4E78-A222-249E98F2521C}.Release|x86.Build.0 = Release|Any CPU
	EndGlobalSection
	GlobalSection(SolutionProperties) = preSolution
		HideSolutionNode = FALSE
	EndGlobalSection
	GlobalSection(NestedProjects) = preSolution
		{11A95E15-14D6-4814-A2B3-A7D8698C8C72} = {827E0CD3-B72D-47B6-A68D-7590B98EB39B}
		{486B7493-9D6A-45BD-B3E1-AF87ED860401} = {827E0CD3-B72D-47B6-A68D-7590B98EB39B}
		{0D312798-6D40-485E-B8F8-5FA0C82DF05B} = {827E0CD3-B72D-47B6-A68D-7590B98EB39B}
		{3554ED2F-63E0-4E78-A222-249E98F2521C} = {827E0CD3-B72D-47B6-A68D-7590B98EB39B}
	EndGlobalSection
EndGlobal
